
Microsoft Visual Studio Solution File, Format Version 12.00
# Visual Studio Version 16
VisualStudioVersion = 16.0.32002.261
MinimumVisualStudioVersion = 10.0.40219.1
Project("{FAE04EC0-301F-11D3-BF4B-00C04F79EFBC}") = "PadProject", "PadProject\PadProject.csproj", "{DBCD19F7-F9CC-400D-90E2-6790730817BB}"
EndProject
Global
	GlobalSection(SolutionConfigurationPlatforms) = preSolution
		Debug|Any CPU = Debug|Any CPU
		Release|Any CPU = Release|Any CPU
	EndGlobalSection
	GlobalSection(ProjectConfigurationPlatforms) = postSolution
		{DBCD19F7-F9CC-400D-90E2-6790730817BB}.Debug|Any CPU.ActiveCfg = Debug|Any CPU
		{DBCD19F7-F9CC-400D-90E2-6790730817BB}.Debug|Any CPU.Build.0 = Debug|Any CPU
		{DBCD19F7-F9CC-400D-90E2-6790730817BB}.Release|Any CPU.ActiveCfg = Release|Any CPU
		{DBCD19F7-F9CC-400D-90E2-6790730817BB}.Release|Any CPU.Build.0 = Release|Any CPU
	EndGlobalSection
	GlobalSection(SolutionProperties) = preSolution
		HideSolutionNode = FALSE
	EndGlobalSection
	GlobalSection(ExtensibilityGlobals) = postSolution
		SolutionGuid = {BA256A85-8420-4E6A-81A9-357EE5B08869}
	EndGlobalSection
EndGlobal
